
Microsoft Visual Studio Solution File, Format Version 12.00
# Visual Studio 15
VisualStudioVersion = 15.0.27703.2035
MinimumVisualStudioVersion = 10.0.40219.1
Project("{8BC9CEB8-8B4A-11D0-8D11-00A0C91BC942}") = "37.纯虚函数和抽象类", "37.纯虚函数和抽象类\37.纯虚函数和抽象类.vcxproj", "{912C3A55-BC79-4094-87EB-E65BB5387877}"
EndProject
Global
	GlobalSection(SolutionConfigurationPlatforms) = preSolution
		Debug|x64 = Debug|x64
		Debug|x86 = Debug|x86
		Release|x64 = Release|x64
		Release|x86 = Release|x86
	EndGlobalSection
	GlobalSection(ProjectConfigurationPlatforms) = postSolution
		{912C3A55-BC79-4094-87EB-E65BB5387877}.Debug|x64.ActiveCfg = Debug|x64
		{912C3A55-BC79-4094-87EB-E65BB5387877}.Debug|x64.Build.0 = Debug|x64
		{912C3A55-BC79-4094-87EB-E65BB5387877}.Debug|x86.ActiveCfg = Debug|Win32
		{912C3A55-BC79-4094-87EB-E65BB5387877}.Debug|x86.Build.0 = Debug|Win32
		{912C3A55-BC79-4094-87EB-E65BB5387877}.Release|x64.ActiveCfg = Release|x64
		{912C3A55-BC79-4094-87EB-E65BB5387877}.Release|x64.Build.0 = Release|x64
		{912C3A55-BC79-4094-87EB-E65BB5387877}.Release|x86.ActiveCfg = Release|Win32
		{912C3A55-BC79-4094-87EB-E65BB5387877}.Release|x86.Build.0 = Release|Win32
	EndGlobalSection
	GlobalSection(SolutionProperties) = preSolution
		HideSolutionNode = FALSE
	EndGlobalSection
	GlobalSection(ExtensibilityGlobals) = postSolution
		SolutionGuid = {72A09CA8-33A0-47A7-9367-2B88B3EDB9DC}
	EndGlobalSection
EndGlobal
