
Microsoft Visual Studio Solution File, Format Version 12.00
# Visual Studio 15
VisualStudioVersion = 15.0.27703.2026
MinimumVisualStudioVersion = 10.0.40219.1
Project("{8BC9CEB8-8B4A-11D0-8D11-00A0C91BC942}") = "26.冒泡排序", "26.冒泡排序.vcxproj", "{F0A68391-147F-4AF7-B340-7EABD2872C58}"
EndProject
Global
	GlobalSection(SolutionConfigurationPlatforms) = preSolution
		Debug|x64 = Debug|x64
		Debug|x86 = Debug|x86
		Release|x64 = Release|x64
		Release|x86 = Release|x86
	EndGlobalSection
	GlobalSection(ProjectConfigurationPlatforms) = postSolution
		{F0A68391-147F-4AF7-B340-7EABD2872C58}.Debug|x64.ActiveCfg = Debug|x64
		{F0A68391-147F-4AF7-B340-7EABD2872C58}.Debug|x64.Build.0 = Debug|x64
		{F0A68391-147F-4AF7-B340-7EABD2872C58}.Debug|x86.ActiveCfg = Debug|Win32
		{F0A68391-147F-4AF7-B340-7EABD2872C58}.Debug|x86.Build.0 = Debug|Win32
		{F0A68391-147F-4AF7-B340-7EABD2872C58}.Release|x64.ActiveCfg = Release|x64
		{F0A68391-147F-4AF7-B340-7EABD2872C58}.Release|x64.Build.0 = Release|x64
		{F0A68391-147F-4AF7-B340-7EABD2872C58}.Release|x86.ActiveCfg = Release|Win32
		{F0A68391-147F-4AF7-B340-7EABD2872C58}.Release|x86.Build.0 = Release|Win32
	EndGlobalSection
	GlobalSection(SolutionProperties) = preSolution
		HideSolutionNode = FALSE
	EndGlobalSection
	GlobalSection(ExtensibilityGlobals) = postSolution
		SolutionGuid = {F1539A02-31A9-40FE-9A9A-8968E6C17867}
	EndGlobalSection
EndGlobal
