
Microsoft Visual Studio Solution File, Format Version 12.00
# Visual Studio 15
VisualStudioVersion = 15.0.27703.2035
MinimumVisualStudioVersion = 10.0.40219.1
Project("{8BC9CEB8-8B4A-11D0-8D11-00A0C91BC942}") = "33.虚继承", "33.虚继承\33.虚继承.vcxproj", "{9C8D9470-6A84-4EFD-9C64-764D154966C6}"
EndProject
Global
	GlobalSection(SolutionConfigurationPlatforms) = preSolution
		Debug|x64 = Debug|x64
		Debug|x86 = Debug|x86
		Release|x64 = Release|x64
		Release|x86 = Release|x86
	EndGlobalSection
	GlobalSection(ProjectConfigurationPlatforms) = postSolution
		{9C8D9470-6A84-4EFD-9C64-764D154966C6}.Debug|x64.ActiveCfg = Debug|x64
		{9C8D9470-6A84-4EFD-9C64-764D154966C6}.Debug|x64.Build.0 = Debug|x64
		{9C8D9470-6A84-4EFD-9C64-764D154966C6}.Debug|x86.ActiveCfg = Debug|Win32
		{9C8D9470-6A84-4EFD-9C64-764D154966C6}.Debug|x86.Build.0 = Debug|Win32
		{9C8D9470-6A84-4EFD-9C64-764D154966C6}.Release|x64.ActiveCfg = Release|x64
		{9C8D9470-6A84-4EFD-9C64-764D154966C6}.Release|x64.Build.0 = Release|x64
		{9C8D9470-6A84-4EFD-9C64-764D154966C6}.Release|x86.ActiveCfg = Release|Win32
		{9C8D9470-6A84-4EFD-9C64-764D154966C6}.Release|x86.Build.0 = Release|Win32
	EndGlobalSection
	GlobalSection(SolutionProperties) = preSolution
		HideSolutionNode = FALSE
	EndGlobalSection
	GlobalSection(ExtensibilityGlobals) = postSolution
		SolutionGuid = {56490358-C02C-4503-954B-EA87C2F9A8DE}
	EndGlobalSection
EndGlobal
