
Microsoft Visual Studio Solution File, Format Version 12.00
# Visual Studio 15
VisualStudioVersion = 15.0.27428.2027
MinimumVisualStudioVersion = 10.0.40219.1
Project("{8BC9CEB8-8B4A-11D0-8D11-00A0C91BC942}") = "Project1", "Project1\Project1.vcxproj", "{17D2E0FB-826F-4A74-9CC8-341F334A7DC9}"
EndProject
Global
	GlobalSection(SolutionConfigurationPlatforms) = preSolution
		Debug|x64 = Debug|x64
		Debug|x86 = Debug|x86
		Release|x64 = Release|x64
		Release|x86 = Release|x86
	EndGlobalSection
	GlobalSection(ProjectConfigurationPlatforms) = postSolution
		{17D2E0FB-826F-4A74-9CC8-341F334A7DC9}.Debug|x64.ActiveCfg = Debug|x64
		{17D2E0FB-826F-4A74-9CC8-341F334A7DC9}.Debug|x64.Build.0 = Debug|x64
		{17D2E0FB-826F-4A74-9CC8-341F334A7DC9}.Debug|x86.ActiveCfg = Debug|Win32
		{17D2E0FB-826F-4A74-9CC8-341F334A7DC9}.Debug|x86.Build.0 = Debug|Win32
		{17D2E0FB-826F-4A74-9CC8-341F334A7DC9}.Release|x64.ActiveCfg = Release|x64
		{17D2E0FB-826F-4A74-9CC8-341F334A7DC9}.Release|x64.Build.0 = Release|x64
		{17D2E0FB-826F-4A74-9CC8-341F334A7DC9}.Release|x86.ActiveCfg = Release|Win32
		{17D2E0FB-826F-4A74-9CC8-341F334A7DC9}.Release|x86.Build.0 = Release|Win32
	EndGlobalSection
	GlobalSection(SolutionProperties) = preSolution
		HideSolutionNode = FALSE
	EndGlobalSection
	GlobalSection(ExtensibilityGlobals) = postSolution
		SolutionGuid = {15758940-A684-4314-80AB-F218EA91E241}
	EndGlobalSection
EndGlobal
