
Microsoft Visual Studio Solution File, Format Version 12.00
# Visual Studio 15
VisualStudioVersion = 15.0.27703.2026
MinimumVisualStudioVersion = 10.0.40219.1
Project("{8BC9CEB8-8B4A-11D0-8D11-00A0C91BC942}") = "24.常指针与常引用练习", "24.常指针与常引用练习\24.常指针与常引用练习.vcxproj", "{C2A6D5B2-78F0-4EFD-BD6E-B15CBAA9C81A}"
EndProject
Global
	GlobalSection(SolutionConfigurationPlatforms) = preSolution
		Debug|x64 = Debug|x64
		Debug|x86 = Debug|x86
		Release|x64 = Release|x64
		Release|x86 = Release|x86
	EndGlobalSection
	GlobalSection(ProjectConfigurationPlatforms) = postSolution
		{C2A6D5B2-78F0-4EFD-BD6E-B15CBAA9C81A}.Debug|x64.ActiveCfg = Debug|x64
		{C2A6D5B2-78F0-4EFD-BD6E-B15CBAA9C81A}.Debug|x64.Build.0 = Debug|x64
		{C2A6D5B2-78F0-4EFD-BD6E-B15CBAA9C81A}.Debug|x86.ActiveCfg = Debug|Win32
		{C2A6D5B2-78F0-4EFD-BD6E-B15CBAA9C81A}.Debug|x86.Build.0 = Debug|Win32
		{C2A6D5B2-78F0-4EFD-BD6E-B15CBAA9C81A}.Release|x64.ActiveCfg = Release|x64
		{C2A6D5B2-78F0-4EFD-BD6E-B15CBAA9C81A}.Release|x64.Build.0 = Release|x64
		{C2A6D5B2-78F0-4EFD-BD6E-B15CBAA9C81A}.Release|x86.ActiveCfg = Release|Win32
		{C2A6D5B2-78F0-4EFD-BD6E-B15CBAA9C81A}.Release|x86.Build.0 = Release|Win32
	EndGlobalSection
	GlobalSection(SolutionProperties) = preSolution
		HideSolutionNode = FALSE
	EndGlobalSection
	GlobalSection(ExtensibilityGlobals) = postSolution
		SolutionGuid = {B2C7C14B-23B2-4F07-843F-AE53B0CE3DC4}
	EndGlobalSection
EndGlobal
