
Microsoft Visual Studio Solution File, Format Version 12.00
# Visual Studio 15
VisualStudioVersion = 15.0.27428.2027
MinimumVisualStudioVersion = 10.0.40219.1
Project("{8BC9CEB8-8B4A-11D0-8D11-00A0C91BC942}") = "string", "string\string.vcxproj", "{F046ADC4-6B64-45A8-941B-71D2796249FF}"
EndProject
Global
	GlobalSection(SolutionConfigurationPlatforms) = preSolution
		Debug|x64 = Debug|x64
		Debug|x86 = Debug|x86
		Release|x64 = Release|x64
		Release|x86 = Release|x86
	EndGlobalSection
	GlobalSection(ProjectConfigurationPlatforms) = postSolution
		{F046ADC4-6B64-45A8-941B-71D2796249FF}.Debug|x64.ActiveCfg = Debug|x64
		{F046ADC4-6B64-45A8-941B-71D2796249FF}.Debug|x64.Build.0 = Debug|x64
		{F046ADC4-6B64-45A8-941B-71D2796249FF}.Debug|x86.ActiveCfg = Debug|Win32
		{F046ADC4-6B64-45A8-941B-71D2796249FF}.Debug|x86.Build.0 = Debug|Win32
		{F046ADC4-6B64-45A8-941B-71D2796249FF}.Release|x64.ActiveCfg = Release|x64
		{F046ADC4-6B64-45A8-941B-71D2796249FF}.Release|x64.Build.0 = Release|x64
		{F046ADC4-6B64-45A8-941B-71D2796249FF}.Release|x86.ActiveCfg = Release|Win32
		{F046ADC4-6B64-45A8-941B-71D2796249FF}.Release|x86.Build.0 = Release|Win32
	EndGlobalSection
	GlobalSection(SolutionProperties) = preSolution
		HideSolutionNode = FALSE
	EndGlobalSection
	GlobalSection(ExtensibilityGlobals) = postSolution
		SolutionGuid = {244D3C9D-DEB8-4E6F-AF62-3901FBD23B83}
	EndGlobalSection
EndGlobal
