
Microsoft Visual Studio Solution File, Format Version 12.00
# Visual Studio 15
VisualStudioVersion = 15.0.27703.2035
MinimumVisualStudioVersion = 10.0.40219.1
Project("{8BC9CEB8-8B4A-11D0-8D11-00A0C91BC942}") = "35.虚析构函数", "35.虚析构函数\35.虚析构函数.vcxproj", "{1444DC7A-A114-432B-BF40-4B6A455FE598}"
EndProject
Global
	GlobalSection(SolutionConfigurationPlatforms) = preSolution
		Debug|x64 = Debug|x64
		Debug|x86 = Debug|x86
		Release|x64 = Release|x64
		Release|x86 = Release|x86
	EndGlobalSection
	GlobalSection(ProjectConfigurationPlatforms) = postSolution
		{1444DC7A-A114-432B-BF40-4B6A455FE598}.Debug|x64.ActiveCfg = Debug|x64
		{1444DC7A-A114-432B-BF40-4B6A455FE598}.Debug|x64.Build.0 = Debug|x64
		{1444DC7A-A114-432B-BF40-4B6A455FE598}.Debug|x86.ActiveCfg = Debug|Win32
		{1444DC7A-A114-432B-BF40-4B6A455FE598}.Debug|x86.Build.0 = Debug|Win32
		{1444DC7A-A114-432B-BF40-4B6A455FE598}.Release|x64.ActiveCfg = Release|x64
		{1444DC7A-A114-432B-BF40-4B6A455FE598}.Release|x64.Build.0 = Release|x64
		{1444DC7A-A114-432B-BF40-4B6A455FE598}.Release|x86.ActiveCfg = Release|Win32
		{1444DC7A-A114-432B-BF40-4B6A455FE598}.Release|x86.Build.0 = Release|Win32
	EndGlobalSection
	GlobalSection(SolutionProperties) = preSolution
		HideSolutionNode = FALSE
	EndGlobalSection
	GlobalSection(ExtensibilityGlobals) = postSolution
		SolutionGuid = {CF38030F-94B9-4BEB-AB01-B27E2EA6EE9B}
	EndGlobalSection
EndGlobal
