
Microsoft Visual Studio Solution File, Format Version 12.00
# Visual Studio 15
VisualStudioVersion = 15.0.27428.2027
MinimumVisualStudioVersion = 10.0.40219.1
Project("{8BC9CEB8-8B4A-11D0-8D11-00A0C91BC942}") = "61.平衡二叉树", "61.平衡二叉树\61.平衡二叉树.vcxproj", "{B9BAC7DC-C2D5-4953-A80A-46EBCE3E1DFE}"
EndProject
Global
	GlobalSection(SolutionConfigurationPlatforms) = preSolution
		Debug|x64 = Debug|x64
		Debug|x86 = Debug|x86
		Release|x64 = Release|x64
		Release|x86 = Release|x86
	EndGlobalSection
	GlobalSection(ProjectConfigurationPlatforms) = postSolution
		{B9BAC7DC-C2D5-4953-A80A-46EBCE3E1DFE}.Debug|x64.ActiveCfg = Debug|x64
		{B9BAC7DC-C2D5-4953-A80A-46EBCE3E1DFE}.Debug|x64.Build.0 = Debug|x64
		{B9BAC7DC-C2D5-4953-A80A-46EBCE3E1DFE}.Debug|x86.ActiveCfg = Debug|Win32
		{B9BAC7DC-C2D5-4953-A80A-46EBCE3E1DFE}.Debug|x86.Build.0 = Debug|Win32
		{B9BAC7DC-C2D5-4953-A80A-46EBCE3E1DFE}.Release|x64.ActiveCfg = Release|x64
		{B9BAC7DC-C2D5-4953-A80A-46EBCE3E1DFE}.Release|x64.Build.0 = Release|x64
		{B9BAC7DC-C2D5-4953-A80A-46EBCE3E1DFE}.Release|x86.ActiveCfg = Release|Win32
		{B9BAC7DC-C2D5-4953-A80A-46EBCE3E1DFE}.Release|x86.Build.0 = Release|Win32
	EndGlobalSection
	GlobalSection(SolutionProperties) = preSolution
		HideSolutionNode = FALSE
	EndGlobalSection
	GlobalSection(ExtensibilityGlobals) = postSolution
		SolutionGuid = {9C5552FF-1118-4099-A20F-804A94325731}
	EndGlobalSection
EndGlobal
